{
  "originHash" : "ae2c163f5895153d21792ccc7811eeed476b4d7415ca820d614b476b85753a13",
  "pins" : [
    {
      "identity" : "spectre",
      "kind" : "remoteSourceControl",
      "location" : "https://github.com/kylef/Spectre.git",
      "state" : {
        "revision" : "26cc5e9ae0947092c7139ef7ba612e34646086c7",
        "version" : "0.10.1"
      }
    },
    {
      "identity" : "swift-argument-parser",
      "kind" : "remoteSourceControl",
      "location" : "https://github.com/apple/swift-argument-parser",
      "state" : {
        "revision" : "c5d11a805e765f52ba34ec7284bd4fcd6ba68615",
        "version" : "1.7.0"
      }
    },
    {
      "identity" : "swift-case-paths",
      "kind" : "remoteSourceControl",
      "location" : "https://github.com/pointfreeco/swift-case-paths",
      "state" : {
        "revision" : "6989976265be3f8d2b5802c722f9ba168e227c71",
        "version" : "1.7.2"
      }
    },
    {
      "identity" : "swift-lens",
      "kind" : "remoteSourceControl",
      "location" : "https://github.com/bigMOTOR/swift-lens.git",
      "state" : {
        "revision" : "f7b5794bc1cc72749187f6916a1844b4fca549d6",
        "version" : "1.1.0"
      }
    },
    {
      "identity" : "swift-parsing",
      "kind" : "remoteSourceControl",
      "location" : "https://github.com/pointfreeco/swift-parsing",
      "state" : {
        "revision" : "3432cb81164dd3d69a75d0d63205be5fbae2c34b",
        "version" : "0.14.1"
      }
    },
    {
      "identity" : "swift-syntax",
      "kind" : "remoteSourceControl",
      "location" : "https://github.com/swiftlang/swift-syntax",
      "state" : {
        "revision" : "4799286537280063c85a32f09884cfbca301b1a1",
        "version" : "602.0.0"
      }
    },
    {
      "identity" : "swift-when",
      "kind" : "remoteSourceControl",
      "location" : "https://github.com/hectr/swift-when",
      "state" : {
        "revision" : "0306cc7c39ba72e54eb35512beb9140421ec81ab"
      }
    },
    {
      "identity" : "swiftpm-pathkit",
      "kind" : "remoteSourceControl",
      "location" : "https://github.com/astzweig/swiftpm-pathkit.git",
      "state" : {
        "revision" : "5d164c34f35fa7241d77357e965acde80efcb6d9",
        "version" : "1.5.0"
      }
    },
    {
      "identity" : "swiftpm-stencil",
      "kind" : "remoteSourceControl",
      "location" : "https://github.com/swiftstencil/swiftpm-stencil",
      "state" : {
        "revision" : "02f61d55a47b2c247b27e213b23bab116b6399ad",
        "version" : "0.15.2"
      }
    },
    {
      "identity" : "xctest-dynamic-overlay",
      "kind" : "remoteSourceControl",
      "location" : "https://github.com/pointfreeco/xctest-dynamic-overlay",
      "state" : {
        "revision" : "c6809a193975cab4d5308c64bd1d51e0df467928",
        "version" : "1.2.3"
      }
    }
  ],
  "version" : 3
}
